<?xml version="1.0" encoding="utf-8"?>
<Project ToolsVersion="4.0" xmlns="http://schemas.microsoft.com/developer/msbuild/2003">
  <ItemGroup>
    <ApplicationDefinition Include="App.xaml" />
  </ItemGroup>
  <ItemGroup>
    <Page Include="MainPage.xaml" />
  </ItemGroup>
  <ItemGroup>
    <Midl Include="App.idl" />
    <Midl Include="MainPage.idl" />
  </ItemGroup>
  <ItemGroup>
    <ClCompile Include="pch.cpp" />
    <ClCompile Include="App.cpp" />
    <ClCompile Include="MainPage.cpp" />
    <ClCompile Include="$(GeneratedFilesDir)module.g.cpp" />
    <ClCompile Include="VideoFrameProcessor.cpp" />
    <ClCompile Include="TimeConverter.cpp">
      <Filter>Utils</Filter>
    </ClCompile>
    <ClCompile Include="RMCameraReader.cpp" />
    <ClCompile Include="HLstreamer.cpp" />
    <ClCompile Include="HttpClientConnection.cpp" />
    <ClCompile Include="SensorManager.cpp" />
    <ClCompile Include="FrameHeader.cpp" />
  </ItemGroup>
  <ItemGroup>
    <ClInclude Include="pch.h" />
    <ClInclude Include="VideoFrameProcessor.h" />
    <ClInclude Include="TimeConverter.h">
      <Filter>Utils</Filter>
    </ClInclude>
    <ClInclude Include="FrameHeader.h" />
    <ClInclude Include="RMCameraReader.h" />
    <ClInclude Include="ResearchModeApi.h">
      <Filter>Utils</Filter>
    </ClInclude>
    <ClInclude Include="HLstreamer.h" />
    <ClInclude Include="utils.hpp">
      <Filter>Utils</Filter>
    </ClInclude>
    <ClInclude Include="HttpClientConnection.h" />
    <ClInclude Include="SensorManager.h" />
    <ClInclude Include="stb_image_write.h">
      <Filter>Utils</Filter>
    </ClInclude>
  </ItemGroup>
  <ItemGroup>
    <Image Include="Assets\Wide310x150Logo.scale-200.png">
      <Filter>Assets</Filter>
    </Image>
    <Image Include="Assets\StoreLogo.png">
      <Filter>Assets</Filter>
    </Image>
    <Image Include="Assets\Square150x150Logo.scale-200.png">
      <Filter>Assets</Filter>
    </Image>
    <Image Include="Assets\Square44x44Logo.targetsize-24_altform-unplated.png">
      <Filter>Assets</Filter>
    </Image>
    <Image Include="Assets\Square44x44Logo.scale-200.png">
      <Filter>Assets</Filter>
    </Image>
    <Image Include="Assets\SplashScreen.scale-200.png">
      <Filter>Assets</Filter>
    </Image>
    <Image Include="Assets\LockScreenLogo.scale-200.png">
      <Filter>Assets</Filter>
    </Image>
  </ItemGroup>
  <ItemGroup>
    <AppxManifest Include="Package.appxmanifest" />
  </ItemGroup>
  <ItemGroup>
    <Filter Include="Assets">
      <UniqueIdentifier>{e48dc53e-40b1-40cb-970a-f89935452892}</UniqueIdentifier>
    </Filter>
    <Filter Include="Utils">
      <UniqueIdentifier>{afde314c-16c1-4f77-bc88-718e2e83bd3a}</UniqueIdentifier>
    </Filter>
  </ItemGroup>
  <ItemGroup>
    <None Include="PropertySheet.props" />
    <None Include="packages.config" />
  </ItemGroup>
  <ItemGroup>
    <Text Include="readme.txt" />
  </ItemGroup>
</Project>